// !$*UTF8*$!
{
	archiveVersion = 1;
	classes = {
	};
	objectVersion = 77;
	objects = {

/* Begin PBXBuildFile section */
		0B73769A4CF9F1CD26571419 /* SkillLibraryView.swift in Sources */ = {isa = PBXBuildFile; fileRef = 86C107C64561A3F37CEF4D44 /* SkillLibraryView.swift */; };
		0CCF731515750270E088A5B3 /* ConnectivityManager.swift in Sources */ = {isa = PBXBuildFile; fileRef = 8240F240476E9C09A53260B7 /* ConnectivityManager.swift */; };
		1BC88142BE4F23F76B736DB8 /* Persistence.swift in Sources */ = {isa = PBXBuildFile; fileRef = CD4BF3CF72FB5388C1E4A687 /* Persistence.swift */; };
		271FA4E926CBE07CD681E17A /* LlamaState.swift in Sources */ = {isa = PBXBuildFile; fileRef = FAD1475244BB66D0D5927FE5 /* LlamaState.swift */; };
		29DF90DF3ECB47B3E5F937B4 /* SkillActionEngine.swift in Sources */ = {isa = PBXBuildFile; fileRef = 9B15291EC77C8CD3FD23A2EA /* SkillActionEngine.swift */; };
		2D26559E8DEDB69F765D23BB /* CultivationWidget.swift in Sources */ = {isa = PBXBuildFile; fileRef = E5CA9CDD98D0D86078634EEF /* CultivationWidget.swift */; };
		3254FDE57B56D9F05A1A5EAD /* MissionView.swift in Sources */ = {isa = PBXBuildFile; fileRef = E1F97058DF21861A9C3F3739 /* MissionView.swift */; };
		330464F432CA0450357FF271 /* LibLlama.swift in Sources */ = {isa = PBXBuildFile; fileRef = 0065DFCA69B3EC786D4E4B62 /* LibLlama.swift */; };
		382CD5D72F77B52E0015A355 /* ChatMessage.swift in Sources */ = {isa = PBXBuildFile; fileRef = 382CD5D62F77B52E0015A355 /* ChatMessage.swift */; };
		386135322F72419200538B3A /* WatchApp.swift in Sources */ = {isa = PBXBuildFile; fileRef = 386135302F72419200538B3A /* WatchApp.swift */; };
		386135332F72419200538B3A /* MotionManager.swift in Sources */ = {isa = PBXBuildFile; fileRef = 3861352F2F72419200538B3A /* MotionManager.swift */; };
		386135342F72419200538B3A /* ContentView.swift in Sources */ = {isa = PBXBuildFile; fileRef = 386135252F72419200538B3A /* ContentView.swift */; };
		386135352F72419200538B3A /* Assets.xcassets in Resources */ = {isa = PBXBuildFile; fileRef = 386135242F72419200538B3A /* Assets.xcassets */; };
		386135372F72419200538B3A /* Localizable.strings in Resources */ = {isa = PBXBuildFile; fileRef = 3861352E2F72419200538B3A /* Localizable.strings */; };
		38CA88982FB4610E00E29C61 /* HealthManager.swift in Sources */ = {isa = PBXBuildFile; fileRef = 38CA88972FB4610E00E29C61 /* HealthManager.swift */; };
		38E13B742F738CEA0055BE24 /* CoreDataModels.swift in Sources */ = {isa = PBXBuildFile; fileRef = 38E13B6F2F738CEA0055BE24 /* CoreDataModels.swift */; };
		38E13B752F738CEA0055BE24 /* Persistence.swift in Sources */ = {isa = PBXBuildFile; fileRef = 38E13B732F738CEA0055BE24 /* Persistence.swift */; };
		38E13B762F738CEA0055BE24 /* AICompanionView.swift in Sources */ = {isa = PBXBuildFile; fileRef = 38E13B6E2F738CEA0055BE24 /* AICompanionView.swift */; };
		38E13B772F738CEA0055BE24 /* CreationView.swift in Sources */ = {isa = PBXBuildFile; fileRef = 38E13B702F738CEA0055BE24 /* CreationView.swift */; };
		38E13B782F738CEA0055BE24 /* CultivationEngine.swift in Sources */ = {isa = PBXBuildFile; fileRef = 38E13B712F738CEA0055BE24 /* CultivationEngine.swift */; };
		38E13B792F738CEA0055BE24 /* GameKitManager.swift in Sources */ = {isa = PBXBuildFile; fileRef = 38E13B722F738CEA0055BE24 /* GameKitManager.swift */; };
		38E13B832F73FCC40055BE24 /* ZEWatch.xcdatamodeld in Sources */ = {isa = PBXBuildFile; fileRef = E3916EB76AFA57E9BCD45C3D /* ZEWatch.xcdatamodeld */; };
		38E13B862F740D680055BE24 /* Assets.xcassets in Resources */ = {isa = PBXBuildFile; fileRef = 38E13B852F740D680055BE24 /* Assets.xcassets */; };
		38E13B882F7412630055BE24 /* Launch Screen.storyboard in Resources */ = {isa = PBXBuildFile; fileRef = 38E13B872F7412630055BE24 /* Launch Screen.storyboard */; };
		3FB4EB4FF080186E59722A4A /* Foundation.framework in Frameworks */ = {isa = PBXBuildFile; fileRef = 303F17D13191D69DF2336537 /* Foundation.framework */; };
		510739015E3A5C744E08926F /* ZEWatch.xcdatamodeld in Sources */ = {isa = PBXBuildFile; fileRef = E3916EB76AFA57E9BCD45C3D /* ZEWatch.xcdatamodeld */; };
		635A3F0BDB9E92D83317121A /* StatusView.swift in Sources */ = {isa = PBXBuildFile; fileRef = AE08744A80D58E672D00992F /* StatusView.swift */; };
		64D761CC3E4BB47F45CDABB5 /* ConnectivityManager.swift in Sources */ = {isa = PBXBuildFile; fileRef = 55E512676C47DFBE26818833 /* ConnectivityManager.swift */; };
		65648CFBDAD09DE68280F9D8 /* llama in Frameworks */ = {isa = PBXBuildFile; productRef = 0BB66F311FD578122D14006D /* llama */; };
		6C62D5FEF4E59D6D44E01BB6 /* CoreDataModels.swift in Sources */ = {isa = PBXBuildFile; fileRef = 8E637512B514157111C3AE30 /* CoreDataModels.swift */; };
		7C8EABC5E674B0E7B08B93B9 /* ZEWatchCompanionApp.swift in Sources */ = {isa = PBXBuildFile; fileRef = C2FBA5287BF4851E2522A5A2 /* ZEWatchCompanionApp.swift */; };
		7CD3C8D4FF0BE6761B494759 /* ZEWatch.app in Embed Watch Content */ = {isa = PBXBuildFile; fileRef = 3803AE422F0D10490047BF4A /* ZEWatch.app */; settings = {ATTRIBUTES = (RemoveHeadersOnCopy, ); }; };
		99E76BA5FF09A5BC7E1AB14C /* LlamaCore.swift in Sources */ = {isa = PBXBuildFile; fileRef = D9B440CCEA2433A7FBC105D6 /* LlamaCore.swift */; };
		9AF637F7068CDCA7527FBAAE /* CultivationEngine.swift in Sources */ = {isa = PBXBuildFile; fileRef = CE5AAC534F34042FEBFD5F1D /* CultivationEngine.swift */; };
		9EF41D1FCC462FD74753FF0B /* ExplorationView.swift in Sources */ = {isa = PBXBuildFile; fileRef = 866D60038B4EB9586B2D5C71 /* ExplorationView.swift */; };
		B3D3BEBA54AE60321A5ECB13 /* TrainingView.swift in Sources */ = {isa = PBXBuildFile; fileRef = 4C7701A19F259D942AC10F98 /* TrainingView.swift */; };
		B3FEBB87494BD6092BD4A9C5 /* TimeTranslator.swift in Sources */ = {isa = PBXBuildFile; fileRef = C6469EACE85A9296DC409FE9 /* TimeTranslator.swift */; };
		B8E8424B985E4157E7B190C2 /* WatchFaceView.swift in Sources */ = {isa = PBXBuildFile; fileRef = 0411356B86B1B7E51170928A /* WatchFaceView.swift */; };
		C4589625DEDE2409EFDC4FD2 /* LLMManager.swift in Sources */ = {isa = PBXBuildFile; fileRef = 3408D664A620CBED353AE629 /* LLMManager.swift */; };
		CB55C24D897C2A32088BF543 /* CompanionSettingsView.swift in Sources */ = {isa = PBXBuildFile; fileRef = E0A8FEAF9696B392296A58A7 /* CompanionSettingsView.swift */; };
		CBC5A71D176144A90120E053 /* MissionEngine.swift in Sources */ = {isa = PBXBuildFile; fileRef = 9460687E96B700BC8C1B1BBA /* MissionEngine.swift */; };
		DBE5612880BF81F390776A5D /* ContentView.swift in Sources */ = {isa = PBXBuildFile; fileRef = 48596A8EFA21B4DD3937A505 /* ContentView.swift */; };
		EEE6EAD4470D4C573D9100B4 /* ElementEngine.swift in Sources */ = {isa = PBXBuildFile; fileRef = 2187135F6E75D2794A7F00AE /* ElementEngine.swift */; };
		F35371BBD077FF067D2759A2 /* EventEngine.swift in Sources */ = {isa = PBXBuildFile; fileRef = 4235A433DA39256D21C403F2 /* EventEngine.swift */; };
		F55B676235ED12F4181ABF38 /* CreationView.swift in Sources */ = {isa = PBXBuildFile; fileRef = 1E74631DF8AC22CD72022E35 /* CreationView.swift */; };
		FD99979563C80D9BBE559F20 /* HealthManager.swift in Sources */ = {isa = PBXBuildFile; fileRef = AD4865B7ABE61C4ED9B1AADE /* HealthManager.swift */; };
		FE1A77BE2EF3B03826E91ABD /* TribulationView.swift in Sources */ = {isa = PBXBuildFile; fileRef = 73176FEFB8D5865B35EB65B9 /* TribulationView.swift */; };
/* End PBXBuildFile section */

/* Begin PBXContainerItemProxy section */
		9AEC4D37A8C4EC7FB5E8846D /* PBXContainerItemProxy */ = {
			isa = PBXContainerItemProxy;
			containerPortal = 3803AE362F0D10490047BF4A /* Project object */;
			proxyType = 1;
			remoteGlobalIDString = 3803AE412F0D10490047BF4A;
			remoteInfo = ZEWatch;
		};
/* End PBXContainerItemProxy section */

/* Begin PBXCopyFilesBuildPhase section */
		4483C4738F2537343AF3508B /* Embed Watch Content */ = {
			isa = PBXCopyFilesBuildPhase;
			buildActionMask = 2147483647;
			dstPath = "$(CONTENTS_FOLDER_PATH)/Watch";
			dstSubfolderSpec = 16;
			files = (
				7CD3C8D4FF0BE6761B494759 /* ZEWatch.app in Embed Watch Content */,
			);
			name = "Embed Watch Content";
			runOnlyForDeploymentPostprocessing = 0;
		};
/* End PBXCopyFilesBuildPhase section */

/* Begin PBXFileReference section */
		0065DFCA69B3EC786D4E4B62 /* LibLlama.swift */ = {isa = PBXFileReference; includeInIndex = 1; lastKnownFileType = sourcecode.swift; path = LibLlama.swift; sourceTree = "<group>"; };
		0411356B86B1B7E51170928A /* WatchFaceView.swift */ = {isa = PBXFileReference; includeInIndex = 1; lastKnownFileType = sourcecode.swift; path = WatchFaceView.swift; sourceTree = "<group>"; };
		1E74631DF8AC22CD72022E35 /* CreationView.swift */ = {isa = PBXFileReference; includeInIndex = 1; lastKnownFileType = sourcecode.swift; path = CreationView.swift; sourceTree = "<group>"; };
		2187135F6E75D2794A7F00AE /* ElementEngine.swift */ = {isa = PBXFileReference; includeInIndex = 1; lastKnownFileType = sourcecode.swift; path = ElementEngine.swift; sourceTree = "<group>"; };
		2D7E7D9237CAF1957D90B395 /* ContentView.swift */ = {isa = PBXFileReference; includeInIndex = 1; lastKnownFileType = sourcecode.swift; path = ContentView.swift; sourceTree = "<group>"; };
		303F17D13191D69DF2336537 /* Foundation.framework */ = {isa = PBXFileReference; lastKnownFileType = wrapper.framework; name = Foundation.framework; path = Platforms/iPhoneOS.platform/Developer/SDKs/iPhoneOS18.0.sdk/System/Library/Frameworks/Foundation.framework; sourceTree = DEVELOPER_DIR; };
		3408D664A620CBED353AE629 /* LLMManager.swift */ = {isa = PBXFileReference; includeInIndex = 1; lastKnownFileType = sourcecode.swift; path = LLMManager.swift; sourceTree = "<group>"; };
		3803AE422F0D10490047BF4A /* ZEWatch.app */ = {isa = PBXFileReference; explicitFileType = wrapper.application; includeInIndex = 0; path = ZEWatch.app; sourceTree = BUILT_PRODUCTS_DIR; };
		382CD5D62F77B52E0015A355 /* ChatMessage.swift */ = {isa = PBXFileReference; lastKnownFileType = sourcecode.swift; path = ChatMessage.swift; sourceTree = "<group>"; };
		386135242F72419200538B3A /* Assets.xcassets */ = {isa = PBXFileReference; lastKnownFileType = folder.assetcatalog; path = Assets.xcassets; sourceTree = "<group>"; };
		386135252F72419200538B3A /* ContentView.swift */ = {isa = PBXFileReference; lastKnownFileType = sourcecode.swift; path = ContentView.swift; sourceTree = "<group>"; };
		386135262F72419200538B3A /* Info.plist */ = {isa = PBXFileReference; lastKnownFileType = text.plist.xml; path = Info.plist; sourceTree = "<group>"; };
		3861352D2F72419200538B3A /* zh-Hans */ = {isa = PBXFileReference; lastKnownFileType = text.plist.strings; name = "zh-Hans"; path = "zh-Hans.lproj/Localizable.strings"; sourceTree = "<group>"; };
		3861352F2F72419200538B3A /* MotionManager.swift */ = {isa = PBXFileReference; lastKnownFileType = sourcecode.swift; path = MotionManager.swift; sourceTree = "<group>"; };
		386135302F72419200538B3A /* WatchApp.swift */ = {isa = PBXFileReference; lastKnownFileType = sourcecode.swift; path = WatchApp.swift; sourceTree = "<group>"; };
		38CA88972FB4610E00E29C61 /* HealthManager.swift */ = {isa = PBXFileReference; lastKnownFileType = sourcecode.swift; path = HealthManager.swift; sourceTree = "<group>"; };
		38CA88992FB461DF00E29C61 /* ZEWatchCompanion.entitlements */ = {isa = PBXFileReference; lastKnownFileType = text.plist.entitlements; path = ZEWatchCompanion.entitlements; sourceTree = "<group>"; };
		38CA889A2FB461DF00E29C61 /* ZEWatchCompanionDebug.entitlements */ = {isa = PBXFileReference; lastKnownFileType = text.plist.entitlements; path = ZEWatchCompanionDebug.entitlements; sourceTree = "<group>"; };
		38CA889B2FB4659300E29C61 /* ZEWatchDebug.entitlements */ = {isa = PBXFileReference; lastKnownFileType = text.plist.entitlements; path = ZEWatchDebug.entitlements; sourceTree = "<group>"; };
		38E13B6E2F738CEA0055BE24 /* AICompanionView.swift */ = {isa = PBXFileReference; lastKnownFileType = sourcecode.swift; path = AICompanionView.swift; sourceTree = "<group>"; };
		38E13B6F2F738CEA0055BE24 /* CoreDataModels.swift */ = {isa = PBXFileReference; lastKnownFileType = sourcecode.swift; path = CoreDataModels.swift; sourceTree = "<group>"; };
		38E13B702F738CEA0055BE24 /* CreationView.swift */ = {isa = PBXFileReference; lastKnownFileType = sourcecode.swift; path = CreationView.swift; sourceTree = "<group>"; };
		38E13B712F738CEA0055BE24 /* CultivationEngine.swift */ = {isa = PBXFileReference; lastKnownFileType = sourcecode.swift; path = CultivationEngine.swift; sourceTree = "<group>"; };
		38E13B722F738CEA0055BE24 /* GameKitManager.swift */ = {isa = PBXFileReference; lastKnownFileType = sourcecode.swift; path = GameKitManager.swift; sourceTree = "<group>"; };
		38E13B732F738CEA0055BE24 /* Persistence.swift */ = {isa = PBXFileReference; lastKnownFileType = sourcecode.swift; path = Persistence.swift; sourceTree = "<group>"; };
		38E13B822F7392860055BE24 /* llama.h */ = {isa = PBXFileReference; lastKnownFileType = sourcecode.c.h; path = llama.h; sourceTree = "<group>"; };
		38E13B852F740D680055BE24 /* Assets.xcassets */ = {isa = PBXFileReference; lastKnownFileType = folder.assetcatalog; path = Assets.xcassets; sourceTree = "<group>"; };
		38E13B872F7412630055BE24 /* Launch Screen.storyboard */ = {isa = PBXFileReference; lastKnownFileType = file.storyboard; path = "Launch Screen.storyboard"; sourceTree = "<group>"; };
		4235A433DA39256D21C403F2 /* EventEngine.swift */ = {isa = PBXFileReference; includeInIndex = 1; lastKnownFileType = sourcecode.swift; path = EventEngine.swift; sourceTree = "<group>"; };
		48596A8EFA21B4DD3937A505 /* ContentView.swift */ = {isa = PBXFileReference; includeInIndex = 1; lastKnownFileType = sourcecode.swift; path = ContentView.swift; sourceTree = "<group>"; };
		4C7701A19F259D942AC10F98 /* TrainingView.swift */ = {isa = PBXFileReference; includeInIndex = 1; lastKnownFileType = sourcecode.swift; path = TrainingView.swift; sourceTree = "<group>"; };
		55E512676C47DFBE26818833 /* ConnectivityManager.swift */ = {isa = PBXFileReference; includeInIndex = 1; lastKnownFileType = sourcecode.swift; path = ConnectivityManager.swift; sourceTree = "<group>"; };
		704C3560CF4A5EDC573B6EDC /* ZEWatchCompanionApp.swift */ = {isa = PBXFileReference; includeInIndex = 1; lastKnownFileType = sourcecode.swift; path = ZEWatchCompanionApp.swift; sourceTree = "<group>"; };
		73176FEFB8D5865B35EB65B9 /* TribulationView.swift */ = {isa = PBXFileReference; includeInIndex = 1; lastKnownFileType = sourcecode.swift; path = TribulationView.swift; sourceTree = "<group>"; };
		8240F240476E9C09A53260B7 /* ConnectivityManager.swift */ = {isa = PBXFileReference; includeInIndex = 1; lastKnownFileType = sourcecode.swift; path = ConnectivityManager.swift; sourceTree = "<group>"; };
		866D60038B4EB9586B2D5C71 /* ExplorationView.swift */ = {isa = PBXFileReference; includeInIndex = 1; lastKnownFileType = sourcecode.swift; path = ExplorationView.swift; sourceTree = "<group>"; };
		86C107C64561A3F37CEF4D44 /* SkillLibraryView.swift */ = {isa = PBXFileReference; includeInIndex = 1; lastKnownFileType = sourcecode.swift; path = SkillLibraryView.swift; sourceTree = "<group>"; };
		8E637512B514157111C3AE30 /* CoreDataModels.swift */ = {isa = PBXFileReference; includeInIndex = 1; lastKnownFileType = sourcecode.swift; path = CoreDataModels.swift; sourceTree = "<group>"; };
		8FD2B8C0CD52911AB4F64EB7 /* ZEWatchCompanionApp.swift */ = {isa = PBXFileReference; includeInIndex = 1; lastKnownFileType = sourcecode.swift; path = ZEWatchCompanion/ZEWatchCompanionApp.swift; sourceTree = SOURCE_ROOT; };
		9460687E96B700BC8C1B1BBA /* MissionEngine.swift */ = {isa = PBXFileReference; includeInIndex = 1; lastKnownFileType = sourcecode.swift; path = MissionEngine.swift; sourceTree = "<group>"; };
		9B15291EC77C8CD3FD23A2EA /* SkillActionEngine.swift */ = {isa = PBXFileReference; includeInIndex = 1; lastKnownFileType = sourcecode.swift; path = SkillActionEngine.swift; sourceTree = "<group>"; };
		A5FE3C3EC49FB644EC8D4BEF /* LLMManager.swift */ = {isa = PBXFileReference; includeInIndex = 1; lastKnownFileType = sourcecode.swift; path = LLMManager.swift; sourceTree = "<group>"; };
		AD4865B7ABE61C4ED9B1AADE /* HealthManager.swift */ = {isa = PBXFileReference; includeInIndex = 1; lastKnownFileType = sourcecode.swift; path = HealthManager.swift; sourceTree = "<group>"; };
		AE08744A80D58E672D00992F /* StatusView.swift */ = {isa = PBXFileReference; includeInIndex = 1; lastKnownFileType = sourcecode.swift; path = StatusView.swift; sourceTree = "<group>"; };
		C2FBA5287BF4851E2522A5A2 /* ZEWatchCompanionApp.swift */ = {isa = PBXFileReference; includeInIndex = 1; lastKnownFileType = sourcecode.swift; path = ZEWatchCompanionApp.swift; sourceTree = "<group>"; };
		C6469EACE85A9296DC409FE9 /* TimeTranslator.swift */ = {isa = PBXFileReference; includeInIndex = 1; lastKnownFileType = sourcecode.swift; path = TimeTranslator.swift; sourceTree = "<group>"; };
		CD4BF3CF72FB5388C1E4A687 /* Persistence.swift */ = {isa = PBXFileReference; includeInIndex = 1; lastKnownFileType = sourcecode.swift; path = Persistence.swift; sourceTree = "<group>"; };
		CE5AAC534F34042FEBFD5F1D /* CultivationEngine.swift */ = {isa = PBXFileReference; includeInIndex = 1; lastKnownFileType = sourcecode.swift; path = CultivationEngine.swift; sourceTree = "<group>"; };
		CF14BAB7B36EDBA425570AB3 /* ZEWatch.xcdatamodel */ = {isa = PBXFileReference; includeInIndex = 1; lastKnownFileType = wrapper.xcdatamodel; path = ZEWatch.xcdatamodel; sourceTree = "<group>"; };
		D3163BB5812331FEC89B0816 /* ContentView.swift */ = {isa = PBXFileReference; includeInIndex = 1; lastKnownFileType = sourcecode.swift; path = ZEWatchCompanion/ContentView.swift; sourceTree = SOURCE_ROOT; };
		D9B440CCEA2433A7FBC105D6 /* LlamaCore.swift */ = {isa = PBXFileReference; includeInIndex = 1; lastKnownFileType = sourcecode.swift; path = LlamaCore.swift; sourceTree = "<group>"; };
		E0A8FEAF9696B392296A58A7 /* CompanionSettingsView.swift */ = {isa = PBXFileReference; includeInIndex = 1; lastKnownFileType = sourcecode.swift; path = CompanionSettingsView.swift; sourceTree = "<group>"; };
		E1F97058DF21861A9C3F3739 /* MissionView.swift */ = {isa = PBXFileReference; includeInIndex = 1; lastKnownFileType = sourcecode.swift; path = MissionView.swift; sourceTree = "<group>"; };
		E5CA9CDD98D0D86078634EEF /* CultivationWidget.swift */ = {isa = PBXFileReference; includeInIndex = 1; lastKnownFileType = sourcecode.swift; path = CultivationWidget.swift; sourceTree = "<group>"; };
		F1A2B3C4D5E6F7081920ABCD /* ZEWatchCompanion-Bridging-Header.h */ = {isa = PBXFileReference; lastKnownFileType = sourcecode.c.h; path = "ZEWatchCompanion-Bridging-Header.h"; sourceTree = "<group>"; };
		F1AFACC36A2B475EE6ED1DE0 /* ZEWatchCompanion.app */ = {isa = PBXFileReference; explicitFileType = wrapper.application; includeInIndex = 0; path = ZEWatchCompanion.app; sourceTree = BUILT_PRODUCTS_DIR; };
		FAD1475244BB66D0D5927FE5 /* LlamaState.swift */ = {isa = PBXFileReference; includeInIndex = 1; lastKnownFileType = sourcecode.swift; path = LlamaState.swift; sourceTree = "<group>"; };
/* End PBXFileReference section */

/* Begin PBXFrameworksBuildPhase section */
		3803AE3F2F0D10490047BF4A /* Frameworks */ = {
			isa = PBXFrameworksBuildPhase;
			buildActionMask = 2147483647;
			files = (
			);
			runOnlyForDeploymentPostprocessing = 0;
		};
		962EBE908C70D34588223A06 /* Frameworks */ = {
			isa = PBXFrameworksBuildPhase;
			buildActionMask = 2147483647;
			files = (
				3FB4EB4FF080186E59722A4A /* Foundation.framework in Frameworks */,
				65648CFBDAD09DE68280F9D8 /* llama in Frameworks */,
			);
			runOnlyForDeploymentPostprocessing = 0;
		};
/* End PBXFrameworksBuildPhase section */

/* Begin PBXGroup section */
		0D49DD9176DC3C5A066A5BCD /* ZEWatchCompanion */ = {
			isa = PBXGroup;
			children = (
				38CA889A2FB461DF00E29C61 /* ZEWatchCompanionDebug.entitlements */,
				38CA88992FB461DF00E29C61 /* ZEWatchCompanion.entitlements */,
				38CA88972FB4610E00E29C61 /* HealthManager.swift */,
				38E13B6E2F738CEA0055BE24 /* AICompanionView.swift */,
				38E13B6F2F738CEA0055BE24 /* CoreDataModels.swift */,
				38E13B702F738CEA0055BE24 /* CreationView.swift */,
				38E13B712F738CEA0055BE24 /* CultivationEngine.swift */,
				38E13B722F738CEA0055BE24 /* GameKitManager.swift */,
				38E13B732F738CEA0055BE24 /* Persistence.swift */,
				38E13B6C2F7367370055BE24 /* Models */,
				8FD2B8C0CD52911AB4F64EB7 /* ZEWatchCompanionApp.swift */,
				D3163BB5812331FEC89B0816 /* ContentView.swift */,
				A5FE3C3EC49FB644EC8D4BEF /* LLMManager.swift */,
				704C3560CF4A5EDC573B6EDC /* ZEWatchCompanionApp.swift */,
				2D7E7D9237CAF1957D90B395 /* ContentView.swift */,
				C2FBA5287BF4851E2522A5A2 /* ZEWatchCompanionApp.swift */,
				48596A8EFA21B4DD3937A505 /* ContentView.swift */,
				3408D664A620CBED353AE629 /* LLMManager.swift */,
				D9B440CCEA2433A7FBC105D6 /* LlamaCore.swift */,
				F1A2B3C4D5E6F7081920ABCD /* ZEWatchCompanion-Bridging-Header.h */,
				E0A8FEAF9696B392296A58A7 /* CompanionSettingsView.swift */,
				38E13B852F740D680055BE24 /* Assets.xcassets */,
				38E13B872F7412630055BE24 /* Launch Screen.storyboard */,
			);
			path = ZEWatchCompanion;
			sourceTree = SOURCE_ROOT;
		};
		15D01C955AE1A9F5D43730F4 /* llama_cpp_sources */ = {
			isa = PBXGroup;
			children = (
				38E13B822F7392860055BE24 /* llama.h */,
			);
			name = llama_cpp_sources;
			sourceTree = SOURCE_ROOT;
		};
		3803AE352F0D10490047BF4A = {
			isa = PBXGroup;
			children = (
				386135312F72419200538B3A /* ZEWatch */,
				3803AE3D2F0D10490047BF4A /* Products */,
				D12857A47F4C253127F49B8B /* Frameworks */,
				0D49DD9176DC3C5A066A5BCD /* ZEWatchCompanion */,
				15D01C955AE1A9F5D43730F4 /* llama_cpp_sources */,
				F5B6805E214EC4C2FF593513 /* ggml-cpu-auto */,
				E3F6EC0F5E11F354CDC6584B /* LlamaWrapper */,
			);
			sourceTree = "<group>";
		};
		3803AE3D2F0D10490047BF4A /* Products */ = {
			isa = PBXGroup;
			children = (
				3803AE422F0D10490047BF4A /* ZEWatch.app */,
				F1AFACC36A2B475EE6ED1DE0 /* ZEWatchCompanion.app */,
			);
			name = Products;
			sourceTree = "<group>";
		};
		386135312F72419200538B3A /* ZEWatch */ = {
			isa = PBXGroup;
			children = (
				38CA889B2FB4659300E29C61 /* ZEWatchDebug.entitlements */,
				386135242F72419200538B3A /* Assets.xcassets */,
				386135252F72419200538B3A /* ContentView.swift */,
				386135262F72419200538B3A /* Info.plist */,
				3861352E2F72419200538B3A /* Localizable.strings */,
				3861352F2F72419200538B3A /* MotionManager.swift */,
				386135302F72419200538B3A /* WatchApp.swift */,
				AD4865B7ABE61C4ED9B1AADE /* HealthManager.swift */,
				CD4BF3CF72FB5388C1E4A687 /* Persistence.swift */,
				CE5AAC534F34042FEBFD5F1D /* CultivationEngine.swift */,
				1E74631DF8AC22CD72022E35 /* CreationView.swift */,
				AE08744A80D58E672D00992F /* StatusView.swift */,
				E1F97058DF21861A9C3F3739 /* MissionView.swift */,
				9460687E96B700BC8C1B1BBA /* MissionEngine.swift */,
				73176FEFB8D5865B35EB65B9 /* TribulationView.swift */,
				866D60038B4EB9586B2D5C71 /* ExplorationView.swift */,
				C6469EACE85A9296DC409FE9 /* TimeTranslator.swift */,
				0411356B86B1B7E51170928A /* WatchFaceView.swift */,
				E3916EB76AFA57E9BCD45C3D /* ZEWatch.xcdatamodeld */,
				E5CA9CDD98D0D86078634EEF /* CultivationWidget.swift */,
				4C7701A19F259D942AC10F98 /* TrainingView.swift */,
				8E637512B514157111C3AE30 /* CoreDataModels.swift */,
				4235A433DA39256D21C403F2 /* EventEngine.swift */,
				8240F240476E9C09A53260B7 /* ConnectivityManager.swift */,
				55E512676C47DFBE26818833 /* ConnectivityManager.swift */,
				2187135F6E75D2794A7F00AE /* ElementEngine.swift */,
				9B15291EC77C8CD3FD23A2EA /* SkillActionEngine.swift */,
				86C107C64561A3F37CEF4D44 /* SkillLibraryView.swift */,
			);
			path = ZEWatch;
			sourceTree = "<group>";
		};
		38E13B6C2F7367370055BE24 /* Models */ = {
			isa = PBXGroup;
			children = (
				382CD5D62F77B52E0015A355 /* ChatMessage.swift */,
			);
			path = Models;
			sourceTree = "<group>";
		};
		6F8F75E029F16794F92DE1C0 /* iOS */ = {
			isa = PBXGroup;
			children = (
				303F17D13191D69DF2336537 /* Foundation.framework */,
			);
			name = iOS;
			sourceTree = "<group>";
		};
		D12857A47F4C253127F49B8B /* Frameworks */ = {
			isa = PBXGroup;
			children = (
				6F8F75E029F16794F92DE1C0 /* iOS */,
			);
			name = Frameworks;
			sourceTree = "<group>";
		};
		E3F6EC0F5E11F354CDC6584B /* LlamaWrapper */ = {
			isa = PBXGroup;
			children = (
				FAD1475244BB66D0D5927FE5 /* LlamaState.swift */,
				0065DFCA69B3EC786D4E4B62 /* LibLlama.swift */,
			);
			name = LlamaWrapper;
			path = ZEWatchCompanion/LlamaWrapper;
			sourceTree = "<group>";
		};
		F5B6805E214EC4C2FF593513 /* ggml-cpu-auto */ = {
			isa = PBXGroup;
			children = (
			);
			name = "ggml-cpu-auto";
			path = .;
			sourceTree = SOURCE_ROOT;
		};
/* End PBXGroup section */

/* Begin PBXNativeTarget section */
		3803AE412F0D10490047BF4A /* ZEWatch */ = {
			isa = PBXNativeTarget;
			buildConfigurationList = 3803AE4F2F0D104B0047BF4A /* Build configuration list for PBXNativeTarget "ZEWatch" */;
			buildPhases = (
				38D0225E2FBDEBBF0088D72F /* Modity buildNumber */,
				3803AE3E2F0D10490047BF4A /* Sources */,
				3803AE3F2F0D10490047BF4A /* Frameworks */,
				3803AE402F0D10490047BF4A /* Resources */,
			);
			buildRules = (
			);
			dependencies = (
			);
			name = ZEWatch;
			productName = "HSBWatchApp Watch App";
			productReference = 3803AE422F0D10490047BF4A /* ZEWatch.app */;
			productType = "com.apple.product-type.application";
		};
		BCBC6E1F4FA7ABC9D1676ADD /* ZEWatchCompanion */ = {
			isa = PBXNativeTarget;
			buildConfigurationList = 597932476697695152A4EEE0 /* Build configuration list for PBXNativeTarget "ZEWatchCompanion" */;
			buildPhases = (
				38D0225D2FBDEBA50088D72F /* Modity buildNumber */,
				195075A7C5DCE5CAEFF9883B /* Sources */,
				962EBE908C70D34588223A06 /* Frameworks */,
				E7EF9DF190DC85711C18A649 /* Resources */,
				4483C4738F2537343AF3508B /* Embed Watch Content */,
			);
			buildRules = (
			);
			dependencies = (
				510FA2746791CD30D76C90CD /* PBXTargetDependency */,
			);
			name = ZEWatchCompanion;
			packageProductDependencies = (
				0BB66F311FD578122D14006D /* llama */,
			);
			productName = ZEWatchCompanion;
			productReference = F1AFACC36A2B475EE6ED1DE0 /* ZEWatchCompanion.app */;
			productType = "com.apple.product-type.application";
		};
/* End PBXNativeTarget section */

/* Begin PBXProject section */
		3803AE362F0D10490047BF4A /* Project object */ = {
			isa = PBXProject;
			attributes = {
				BuildIndependentTargetsInParallel = 1;
				LastSwiftUpdateCheck = 2600;
				LastUpgradeCheck = 2600;
				TargetAttributes = {
					3803AE412F0D10490047BF4A = {
						CreatedOnToolsVersion = 26.0.1;
					};
				};
			};
			buildConfigurationList = 3803AE392F0D10490047BF4A /* Build configuration list for PBXProject "ZEWatch" */;
			developmentRegion = en;
			hasScannedForEncodings = 0;
			knownRegions = (
				en,
				Base,
				"zh-Hans",
			);
			mainGroup = 3803AE352F0D10490047BF4A;
			minimizedProjectReferenceProxies = 1;
			packageReferences = (
				0727260F64031E34792E0010 /* XCRemoteSwiftPackageReference "llama.cpp" */,
			);
			preferredProjectObjectVersion = 77;
			productRefGroup = 3803AE3D2F0D10490047BF4A /* Products */;
			projectDirPath = "";
			projectRoot = "";
			targets = (
				3803AE412F0D10490047BF4A /* ZEWatch */,
				BCBC6E1F4FA7ABC9D1676ADD /* ZEWatchCompanion */,
			);
		};
/* End PBXProject section */

/* Begin PBXResourcesBuildPhase section */
		3803AE402F0D10490047BF4A /* Resources */ = {
			isa = PBXResourcesBuildPhase;
			buildActionMask = 2147483647;
			files = (
				386135352F72419200538B3A /* Assets.xcassets in Resources */,
				386135372F72419200538B3A /* Localizable.strings in Resources */,
			);
			runOnlyForDeploymentPostprocessing = 0;
		};
		E7EF9DF190DC85711C18A649 /* Resources */ = {
			isa = PBXResourcesBuildPhase;
			buildActionMask = 2147483647;
			files = (
				38E13B862F740D680055BE24 /* Assets.xcassets in Resources */,
				38E13B882F7412630055BE24 /* Launch Screen.storyboard in Resources */,
			);
			runOnlyForDeploymentPostprocessing = 0;
		};
/* End PBXResourcesBuildPhase section */

/* Begin PBXShellScriptBuildPhase section */
		38D0225D2FBDEBA50088D72F /* Modity buildNumber */ = {
			isa = PBXShellScriptBuildPhase;
			buildActionMask = 2147483647;
			files = (
			);
			inputFileListPaths = (
			);
			inputPaths = (
			);
			name = "Modity buildNumber";
			outputFileListPaths = (
			);
			outputPaths = (
			);
			runOnlyForDeploymentPostprocessing = 0;
			shellPath = /bin/sh;
			shellScript = "# Type a script or drag a script file from your workspace to insert its path.\n#!/bin/bash\nif [ $CONFIGURATION == Release ]; then\necho \"Bumping build number...\"\nbuildNumber=$(date +%Y%m%d%H%M%S)\n/usr/libexec/PlistBuddy -c \"Set :CFBundleVersion $buildNumber\" \"$INFOPLIST_FILE\"\nelse\necho $CONFIGURATION \" build - Not bumping build number.\"\nfi\n";
		};
		38D0225E2FBDEBBF0088D72F /* Modity buildNumber */ = {
			isa = PBXShellScriptBuildPhase;
			buildActionMask = 2147483647;
			files = (
			);
			inputFileListPaths = (
			);
			inputPaths = (
			);
			name = "Modity buildNumber";
			outputFileListPaths = (
			);
			outputPaths = (
			);
			runOnlyForDeploymentPostprocessing = 0;
			shellPath = /bin/sh;
			shellScript = "# Type a script or drag a script file from your workspace to insert its path.\n#!/bin/bash\nif [ $CONFIGURATION == Release ]; then\necho \"Bumping build number...\"\nbuildNumber=$(date +%Y%m%d%H%M%S)\n/usr/libexec/PlistBuddy -c \"Set :CFBundleVersion $buildNumber\" \"$INFOPLIST_FILE\"\nelse\necho $CONFIGURATION \" build - Not bumping build number.\"\nfi\n";
		};
/* End PBXShellScriptBuildPhase section */

/* Begin PBXSourcesBuildPhase section */
		195075A7C5DCE5CAEFF9883B /* Sources */ = {
			isa = PBXSourcesBuildPhase;
			buildActionMask = 2147483647;
			files = (
				7C8EABC5E674B0E7B08B93B9 /* ZEWatchCompanionApp.swift in Sources */,
				DBE5612880BF81F390776A5D /* ContentView.swift in Sources */,
				C4589625DEDE2409EFDC4FD2 /* LLMManager.swift in Sources */,
				64D761CC3E4BB47F45CDABB5 /* ConnectivityManager.swift in Sources */,
				99E76BA5FF09A5BC7E1AB14C /* LlamaCore.swift in Sources */,
				38CA88982FB4610E00E29C61 /* HealthManager.swift in Sources */,
				38E13B832F73FCC40055BE24 /* ZEWatch.xcdatamodeld in Sources */,
				38E13B742F738CEA0055BE24 /* CoreDataModels.swift in Sources */,
				38E13B752F738CEA0055BE24 /* Persistence.swift in Sources */,
				38E13B762F738CEA0055BE24 /* AICompanionView.swift in Sources */,
				38E13B772F738CEA0055BE24 /* CreationView.swift in Sources */,
				38E13B782F738CEA0055BE24 /* CultivationEngine.swift in Sources */,
				38E13B792F738CEA0055BE24 /* GameKitManager.swift in Sources */,
				382CD5D72F77B52E0015A355 /* ChatMessage.swift in Sources */,
				CB55C24D897C2A32088BF543 /* CompanionSettingsView.swift in Sources */,
				271FA4E926CBE07CD681E17A /* LlamaState.swift in Sources */,
				330464F432CA0450357FF271 /* LibLlama.swift in Sources */,
			);
			runOnlyForDeploymentPostprocessing = 0;
		};
		3803AE3E2F0D10490047BF4A /* Sources */ = {
			isa = PBXSourcesBuildPhase;
			buildActionMask = 2147483647;
			files = (
				386135322F72419200538B3A /* WatchApp.swift in Sources */,
				386135332F72419200538B3A /* MotionManager.swift in Sources */,
				386135342F72419200538B3A /* ContentView.swift in Sources */,
				FD99979563C80D9BBE559F20 /* HealthManager.swift in Sources */,
				1BC88142BE4F23F76B736DB8 /* Persistence.swift in Sources */,
				9AF637F7068CDCA7527FBAAE /* CultivationEngine.swift in Sources */,
				F55B676235ED12F4181ABF38 /* CreationView.swift in Sources */,
				635A3F0BDB9E92D83317121A /* StatusView.swift in Sources */,
				3254FDE57B56D9F05A1A5EAD /* MissionView.swift in Sources */,
				CBC5A71D176144A90120E053 /* MissionEngine.swift in Sources */,
				FE1A77BE2EF3B03826E91ABD /* TribulationView.swift in Sources */,
				9EF41D1FCC462FD74753FF0B /* ExplorationView.swift in Sources */,
				B3FEBB87494BD6092BD4A9C5 /* TimeTranslator.swift in Sources */,
				B8E8424B985E4157E7B190C2 /* WatchFaceView.swift in Sources */,
				510739015E3A5C744E08926F /* ZEWatch.xcdatamodeld in Sources */,
				2D26559E8DEDB69F765D23BB /* CultivationWidget.swift in Sources */,
				B3D3BEBA54AE60321A5ECB13 /* TrainingView.swift in Sources */,
				6C62D5FEF4E59D6D44E01BB6 /* CoreDataModels.swift in Sources */,
				F35371BBD077FF067D2759A2 /* EventEngine.swift in Sources */,
				0CCF731515750270E088A5B3 /* ConnectivityManager.swift in Sources */,
				EEE6EAD4470D4C573D9100B4 /* ElementEngine.swift in Sources */,
				29DF90DF3ECB47B3E5F937B4 /* SkillActionEngine.swift in Sources */,
				0B73769A4CF9F1CD26571419 /* SkillLibraryView.swift in Sources */,
			);
			runOnlyForDeploymentPostprocessing = 0;
		};
/* End PBXSourcesBuildPhase section */

/* Begin PBXTargetDependency section */
		510FA2746791CD30D76C90CD /* PBXTargetDependency */ = {
			isa = PBXTargetDependency;
			name = ZEWatch;
			target = 3803AE412F0D10490047BF4A /* ZEWatch */;
			targetProxy = 9AEC4D37A8C4EC7FB5E8846D /* PBXContainerItemProxy */;
		};
/* End PBXTargetDependency section */

/* Begin PBXVariantGroup section */
		3861352E2F72419200538B3A /* Localizable.strings */ = {
			isa = PBXVariantGroup;
			children = (
				3861352D2F72419200538B3A /* zh-Hans */,
			);
			name = Localizable.strings;
			sourceTree = "<group>";
		};
/* End PBXVariantGroup section */

/* Begin XCBuildConfiguration section */
		2B099AB49009CD6473029B2E /* Release */ = {
			isa = XCBuildConfiguration;
			buildSettings = {
				ASSETCATALOG_COMPILER_APPICON_NAME = AppIcon;
				ASSETCATALOG_COMPILER_GLOBAL_ACCENT_COLOR_NAME = AccentColor;
				ASSETCATALOG_COMPILER_INCLUDE_ALL_APPICON_ASSETS = YES;
				CLANG_CXX_LANGUAGE_STANDARD = "gnu++20";
				CLANG_ENABLE_OBJC_WEAK = NO;
				CODE_SIGN_ENTITLEMENTS = ZEWatchCompanion/ZEWatchCompanion.entitlements;
				CODE_SIGN_IDENTITY = "iPhone Distribution";
				"CODE_SIGN_IDENTITY[sdk=iphoneos*]" = "iPhone Distribution";
				CODE_SIGN_STYLE = Manual;
				CURRENT_PROJECT_VERSION = 1;
				DEVELOPMENT_TEAM = 876385K952;
				"DEVELOPMENT_TEAM[sdk=iphoneos*]" = 876385K952;
				ENABLE_BITCODE = NO;
				GCC_PREPROCESSOR_DEFINITIONS = (
					"$(inherited)",
					"GGML_USE_METAL=1",
					"GGML_METAL_NDEBUG=1",
					"GGML_USE_CPU=1",
				);
				HEADER_SEARCH_PATHS = (
					"$(inherited)",
					"$(SRCROOT)/llama.cpp/include",
					"$(SRCROOT)/llama.cpp/ggml/include",
					"$(SRCROOT)/llama.cpp/src",
					"$(SRCROOT)/llama.cpp/ggml/src",
					"$(SRCROOT)/ZEWatchCompanion",
					"$(SRCROOT)/llama.cpp/ggml/src/ggml-cpu",
				);
				INFOPLIST_FILE = ZEWatchCompanion/Info.plist;
				INFOPLIST_KEY_WKWatchOnly = NO;
				IPHONEOS_DEPLOYMENT_TARGET = 16.0;
				LD_RUNPATH_SEARCH_PATHS = (
					"$(inherited)",
					"@executable_path/Frameworks",
				);
				MARKETING_VERSION = 1.0;
				MTL_HEADER_SEARCH_PATHS = "$(inherited) $(SRCROOT)/llama.cpp/ggml/src";
				PRODUCT_BUNDLE_IDENTIFIER = com.nevergone.zrxx.ios;
				PRODUCT_NAME = "$(TARGET_NAME)";
				PROVISIONING_PROFILE_SPECIFIER = "";
				"PROVISIONING_PROFILE_SPECIFIER[sdk=iphoneos*]" = zrxxiOS_dis;
				SDKROOT = iphoneos;
				SUPPORTED_PLATFORMS = "iphoneos iphonesimulator";
				SUPPORTS_MACCATALYST = NO;
				SUPPORTS_MAC_DESIGNED_FOR_IPHONE_IPAD = NO;
				SUPPORTS_XR_DESIGNED_FOR_IPHONE_IPAD = NO;
				SWIFT_INCLUDE_PATHS = "$(inherited) $(SRCROOT)/ZEWatchCompanion";
				SWIFT_OBJC_BRIDGING_HEADER = "ZEWatchCompanion/ZEWatchCompanion-Bridging-Header.h";
				SWIFT_VERSION = 5.0;
				TARGETED_DEVICE_FAMILY = 1;
				USER_HEADER_SEARCH_PATHS = (
					"$(inherited)",
					"$(SRCROOT)/ZEWatchCompanion",
				);
				VALIDATE_PRODUCT = YES;
			};
			name = Release;
		};
		3803AE4D2F0D104B0047BF4A /* Debug */ = {
			isa = XCBuildConfiguration;
			buildSettings = {
				ALWAYS_SEARCH_USER_PATHS = NO;
				ASSETCATALOG_COMPILER_GENERATE_SWIFT_ASSET_SYMBOL_EXTENSIONS = YES;
				CLANG_ANALYZER_NONNULL = YES;
				CLANG_ANALYZER_NUMBER_OBJECT_CONVERSION = YES_AGGRESSIVE;
				CLANG_CXX_LANGUAGE_STANDARD = "gnu++20";
				CLANG_ENABLE_MODULES = YES;
				CLANG_ENABLE_OBJC_ARC = YES;
				CLANG_ENABLE_OBJC_WEAK = YES;
				CLANG_WARN_BLOCK_CAPTURE_AUTORELEASING = YES;
				CLANG_WARN_BOOL_CONVERSION = YES;
				CLANG_WARN_COMMA = YES;
				CLANG_WARN_CONSTANT_CONVERSION = YES;
				CLANG_WARN_DEPRECATED_OBJC_IMPLEMENTATIONS = YES;
				CLANG_WARN_DIRECT_OBJC_ISA_USAGE = YES_ERROR;
				CLANG_WARN_DOCUMENTATION_COMMENTS = YES;
				CLANG_WARN_EMPTY_BODY = YES;
				CLANG_WARN_ENUM_CONVERSION = YES;
				CLANG_WARN_INFINITE_RECURSION = YES;
				CLANG_WARN_INT_CONVERSION = YES;
				CLANG_WARN_NON_LITERAL_NULL_CONVERSION = YES;
				CLANG_WARN_OBJC_IMPLICIT_RETAIN_SELF = YES;
				CLANG_WARN_OBJC_LITERAL_CONVERSION = YES;
				CLANG_WARN_OBJC_ROOT_CLASS = YES_ERROR;
				CLANG_WARN_QUOTED_INCLUDE_IN_FRAMEWORK_HEADER = YES;
				CLANG_WARN_RANGE_LOOP_ANALYSIS = YES;
				CLANG_WARN_STRICT_PROTOTYPES = YES;
				CLANG_WARN_SUSPICIOUS_MOVE = YES;
				CLANG_WARN_UNGUARDED_AVAILABILITY = YES_AGGRESSIVE;
				CLANG_WARN_UNREACHABLE_CODE = YES;
				CLANG_WARN__DUPLICATE_METHOD_MATCH = YES;
				COPY_PHASE_STRIP = NO;
				DEBUG_INFORMATION_FORMAT = dwarf;
				DEVELOPMENT_TEAM = 876385K952;
				ENABLE_STRICT_OBJC_MSGSEND = YES;
				ENABLE_TESTABILITY = YES;
				ENABLE_USER_SCRIPT_SANDBOXING = YES;
				GCC_C_LANGUAGE_STANDARD = gnu17;
				GCC_DYNAMIC_NO_PIC = NO;
				GCC_NO_COMMON_BLOCKS = YES;
				GCC_OPTIMIZATION_LEVEL = 0;
				GCC_PREPROCESSOR_DEFINITIONS = (
					"DEBUG=1",
					"$(inherited)",
				);
				GCC_WARN_64_TO_32_BIT_CONVERSION = YES;
				GCC_WARN_ABOUT_RETURN_TYPE = YES_ERROR;
				GCC_WARN_UNDECLARED_SELECTOR = YES;
				GCC_WARN_UNINITIALIZED_AUTOS = YES_AGGRESSIVE;
				GCC_WARN_UNUSED_FUNCTION = YES;
				GCC_WARN_UNUSED_VARIABLE = YES;
				LOCALIZATION_PREFERS_STRING_CATALOGS = YES;
				MTL_ENABLE_DEBUG_INFO = INCLUDE_SOURCE;
				MTL_FAST_MATH = YES;
				ONLY_ACTIVE_ARCH = YES;
				SWIFT_ACTIVE_COMPILATION_CONDITIONS = "DEBUG $(inherited)";
				SWIFT_OPTIMIZATION_LEVEL = "-Onone";
			};
			name = Debug;
		};
		3803AE4E2F0D104B0047BF4A /* Release */ = {
			isa = XCBuildConfiguration;
			buildSettings = {
				ALWAYS_SEARCH_USER_PATHS = NO;
				ASSETCATALOG_COMPILER_GENERATE_SWIFT_ASSET_SYMBOL_EXTENSIONS = YES;
				CLANG_ANALYZER_NONNULL = YES;
				CLANG_ANALYZER_NUMBER_OBJECT_CONVERSION = YES_AGGRESSIVE;
				CLANG_CXX_LANGUAGE_STANDARD = "gnu++20";
				CLANG_ENABLE_MODULES = YES;
				CLANG_ENABLE_OBJC_ARC = YES;
				CLANG_ENABLE_OBJC_WEAK = YES;
				CLANG_WARN_BLOCK_CAPTURE_AUTORELEASING = YES;
				CLANG_WARN_BOOL_CONVERSION = YES;
				CLANG_WARN_COMMA = YES;
				CLANG_WARN_CONSTANT_CONVERSION = YES;
				CLANG_WARN_DEPRECATED_OBJC_IMPLEMENTATIONS = YES;
				CLANG_WARN_DIRECT_OBJC_ISA_USAGE = YES_ERROR;
				CLANG_WARN_DOCUMENTATION_COMMENTS = YES;
				CLANG_WARN_EMPTY_BODY = YES;
				CLANG_WARN_ENUM_CONVERSION = YES;
				CLANG_WARN_INFINITE_RECURSION = YES;
				CLANG_WARN_INT_CONVERSION = YES;
				CLANG_WARN_NON_LITERAL_NULL_CONVERSION = YES;
				CLANG_WARN_OBJC_IMPLICIT_RETAIN_SELF = YES;
				CLANG_WARN_OBJC_LITERAL_CONVERSION = YES;
				CLANG_WARN_OBJC_ROOT_CLASS = YES_ERROR;
				CLANG_WARN_QUOTED_INCLUDE_IN_FRAMEWORK_HEADER = YES;
				CLANG_WARN_RANGE_LOOP_ANALYSIS = YES;
				CLANG_WARN_STRICT_PROTOTYPES = YES;
				CLANG_WARN_SUSPICIOUS_MOVE = YES;
				CLANG_WARN_UNGUARDED_AVAILABILITY = YES_AGGRESSIVE;
				CLANG_WARN_UNREACHABLE_CODE = YES;
				CLANG_WARN__DUPLICATE_METHOD_MATCH = YES;
				COPY_PHASE_STRIP = NO;
				DEBUG_INFORMATION_FORMAT = "dwarf-with-dsym";
				DEVELOPMENT_TEAM = 876385K952;
				ENABLE_NS_ASSERTIONS = NO;
				ENABLE_STRICT_OBJC_MSGSEND = YES;
				ENABLE_USER_SCRIPT_SANDBOXING = YES;
				GCC_C_LANGUAGE_STANDARD = gnu17;
				GCC_NO_COMMON_BLOCKS = YES;
				GCC_WARN_64_TO_32_BIT_CONVERSION = YES;
				GCC_WARN_ABOUT_RETURN_TYPE = YES_ERROR;
				GCC_WARN_UNDECLARED_SELECTOR = YES;
				GCC_WARN_UNINITIALIZED_AUTOS = YES_AGGRESSIVE;
				GCC_WARN_UNUSED_FUNCTION = YES;
				GCC_WARN_UNUSED_VARIABLE = YES;
				LOCALIZATION_PREFERS_STRING_CATALOGS = YES;
				MTL_ENABLE_DEBUG_INFO = NO;
				MTL_FAST_MATH = YES;
				SWIFT_COMPILATION_MODE = wholemodule;
			};
			name = Release;
		};
		3803AE502F0D104B0047BF4A /* Debug */ = {
			isa = XCBuildConfiguration;
			buildSettings = {
				ASSETCATALOG_COMPILER_APPICON_NAME = AppIcon;
				ASSETCATALOG_COMPILER_GLOBAL_ACCENT_COLOR_NAME = AccentColor;
				CODE_SIGN_ENTITLEMENTS = ZEWatch/ZEWatchDebug.entitlements;
				CODE_SIGN_IDENTITY = "iPhone Developer";
				"CODE_SIGN_IDENTITY[sdk=watchos*]" = "iPhone Developer";
				CODE_SIGN_STYLE = Manual;
				CURRENT_PROJECT_VERSION = 1;
				DEVELOPMENT_TEAM = 876385K952;
				"DEVELOPMENT_TEAM[sdk=watchos*]" = 876385K952;
				ENABLE_PREVIEWS = YES;
				GENERATE_INFOPLIST_FILE = YES;
				INFOPLIST_FILE = ZEWatch/Info.plist;
				INFOPLIST_KEY_CFBundleDisplayName = "糖葫芦修仙";
				INFOPLIST_KEY_ITSAppUsesNonExemptEncryption = NO;
				INFOPLIST_KEY_NSHealthShareUsageDescription = "糖葫芦修仙将访问您的步数、活动能量、心率、睡眠、站立及运动记录。这些健康数据将被转化为游戏内的“五行灵气”与“奇遇机缘”，使您的现实锻炼直接提升角色的修行能力。所有数据仅在本地处理，用于激励健身。";
				INFOPLIST_KEY_NSHealthUpdateUsageDescription = "本应用会将您的冥想训练记录与活动消耗同步至 Apple 健康，以便您在系统健康报告中完整追踪身心修炼成果。";
				INFOPLIST_KEY_NSLocalNetworkUsageDescription = "Control HSBrowser on TV.";
				INFOPLIST_KEY_NSMotionUsageDescription = "识海感应您的肉身律动，以精准捕捉修行的点滴进步。";
				INFOPLIST_KEY_UISupportedInterfaceOrientations = "UIInterfaceOrientationPortrait UIInterfaceOrientationPortraitUpsideDown";
				INFOPLIST_KEY_WKCompanionAppBundleIdentifier = com.nevergone.zrxx.ios;
				INFOPLIST_KEY_WKWatchOnly = NO;
				LD_RUNPATH_SEARCH_PATHS = (
					"$(inherited)",
					"@executable_path/Frameworks",
				);
				MARKETING_VERSION = 1.0;
				PRODUCT_BUNDLE_IDENTIFIER = com.nevergone.zrxx.ios.watch;
				PRODUCT_NAME = "$(TARGET_NAME)";
				PROVISIONING_PROFILE_SPECIFIER = "";
				"PROVISIONING_PROFILE_SPECIFIER[sdk=watchos*]" = zrxxIosWatchapp_dev;
				SDKROOT = watchos;
				SKIP_INSTALL = YES;
				STRING_CATALOG_GENERATE_SYMBOLS = YES;
				SWIFT_APPROACHABLE_CONCURRENCY = YES;
				SWIFT_DEFAULT_ACTOR_ISOLATION = MainActor;
				SWIFT_EMIT_LOC_STRINGS = YES;
				SWIFT_UPCOMING_FEATURE_MEMBER_IMPORT_VISIBILITY = YES;
				SWIFT_VERSION = 5.0;
				TARGETED_DEVICE_FAMILY = 4;
				WATCHOS_DEPLOYMENT_TARGET = 10.6;
			};
			name = Debug;
		};
		3803AE512F0D104B0047BF4A /* Release */ = {
			isa = XCBuildConfiguration;
			buildSettings = {
				ASSETCATALOG_COMPILER_APPICON_NAME = AppIcon;
				ASSETCATALOG_COMPILER_GLOBAL_ACCENT_COLOR_NAME = AccentColor;
				CODE_SIGN_IDENTITY = "iPhone Distribution";
				"CODE_SIGN_IDENTITY[sdk=watchos*]" = "iPhone Distribution";
				CODE_SIGN_STYLE = Manual;
				CURRENT_PROJECT_VERSION = 1;
				DEVELOPMENT_TEAM = 876385K952;
				"DEVELOPMENT_TEAM[sdk=watchos*]" = 876385K952;
				ENABLE_PREVIEWS = YES;
				GENERATE_INFOPLIST_FILE = YES;
				INFOPLIST_KEY_CFBundleDisplayName = "糖葫芦修仙";
				INFOPLIST_KEY_ITSAppUsesNonExemptEncryption = NO;
				INFOPLIST_KEY_NSHealthShareUsageDescription = "糖葫芦修仙将访问您的步数、活动能量、心率、睡眠、站立及运动记录。这些健康数据将被转化为游戏内的“五行灵气”与“奇遇机缘”，使您的现实锻炼直接提升角色的修行能力。所有数据仅在本地处理，用于激励健身。";
				INFOPLIST_KEY_NSHealthUpdateUsageDescription = "本应用会将您的冥想训练记录与活动消耗同步至 Apple 健康，以便您在系统健康报告中完整追踪身心修炼成果。";
				INFOPLIST_KEY_NSLocalNetworkUsageDescription = "Control HSBrowser on TV.";
				INFOPLIST_KEY_NSMotionUsageDescription = "识海感应您的肉身律动，以精准捕捉修行的点滴进步。";
				INFOPLIST_KEY_UISupportedInterfaceOrientations = "UIInterfaceOrientationPortrait UIInterfaceOrientationPortraitUpsideDown";
				INFOPLIST_KEY_WKCompanionAppBundleIdentifier = com.nevergone.zrxx.ios;
				INFOPLIST_KEY_WKWatchOnly = NO;
				LD_RUNPATH_SEARCH_PATHS = (
					"$(inherited)",
					"@executable_path/Frameworks",
				);
				MARKETING_VERSION = 1.0;
				PRODUCT_BUNDLE_IDENTIFIER = com.nevergone.zrxx.ios.watch;
				PRODUCT_NAME = "$(TARGET_NAME)";
				PROVISIONING_PROFILE_SPECIFIER = "";
				"PROVISIONING_PROFILE_SPECIFIER[sdk=watchos*]" = zrxxIosWatchapp_dis;
				SDKROOT = watchos;
				SKIP_INSTALL = YES;
				STRING_CATALOG_GENERATE_SYMBOLS = YES;
				SWIFT_APPROACHABLE_CONCURRENCY = YES;
				SWIFT_DEFAULT_ACTOR_ISOLATION = MainActor;
				SWIFT_EMIT_LOC_STRINGS = YES;
				SWIFT_UPCOMING_FEATURE_MEMBER_IMPORT_VISIBILITY = YES;
				SWIFT_VERSION = 5.0;
				TARGETED_DEVICE_FAMILY = 4;
				VALIDATE_PRODUCT = YES;
				WATCHOS_DEPLOYMENT_TARGET = 10.6;
			};
			name = Release;
		};
		8BB872DD6EC8A75AC7E4F918 /* Debug */ = {
			isa = XCBuildConfiguration;
			buildSettings = {
				ASSETCATALOG_COMPILER_APPICON_NAME = AppIcon;
				ASSETCATALOG_COMPILER_GLOBAL_ACCENT_COLOR_NAME = AccentColor;
				ASSETCATALOG_COMPILER_INCLUDE_ALL_APPICON_ASSETS = YES;
				CLANG_CXX_LANGUAGE_STANDARD = "gnu++20";
				CLANG_ENABLE_OBJC_WEAK = NO;
				CODE_SIGN_ENTITLEMENTS = ZEWatchCompanion/ZEWatchCompanionDebug.entitlements;
				CODE_SIGN_IDENTITY = "iPhone Developer";
				"CODE_SIGN_IDENTITY[sdk=iphoneos*]" = "iPhone Developer";
				CODE_SIGN_STYLE = Manual;
				CURRENT_PROJECT_VERSION = 1;
				DEVELOPMENT_TEAM = 876385K952;
				"DEVELOPMENT_TEAM[sdk=iphoneos*]" = 876385K952;
				ENABLE_BITCODE = NO;
				GCC_PREPROCESSOR_DEFINITIONS = (
					"$(inherited)",
					"GGML_USE_METAL=1",
					"GGML_METAL_NDEBUG=1",
					"GGML_USE_CPU=1",
				);
				HEADER_SEARCH_PATHS = (
					"$(inherited)",
					"$(SRCROOT)/llama.cpp/include",
					"$(SRCROOT)/llama.cpp/ggml/include",
					"$(SRCROOT)/llama.cpp/src",
					"$(SRCROOT)/llama.cpp/ggml/src",
					"$(SRCROOT)/ZEWatchCompanion",
					"$(SRCROOT)/llama.cpp/ggml/src/ggml-cpu",
				);
				INFOPLIST_FILE = ZEWatchCompanion/Info.plist;
				INFOPLIST_KEY_WKWatchOnly = NO;
				IPHONEOS_DEPLOYMENT_TARGET = 16.0;
				LD_RUNPATH_SEARCH_PATHS = (
					"$(inherited)",
					"@executable_path/Frameworks",
				);
				MARKETING_VERSION = 1.0;
				MTL_HEADER_SEARCH_PATHS = "$(inherited) $(SRCROOT)/llama.cpp/ggml/src";
				PRODUCT_BUNDLE_IDENTIFIER = com.nevergone.zrxx.ios;
				PRODUCT_NAME = "$(TARGET_NAME)";
				PROVISIONING_PROFILE_SPECIFIER = "";
				"PROVISIONING_PROFILE_SPECIFIER[sdk=iphoneos*]" = zrxxiOS_dev;
				SDKROOT = iphoneos;
				SUPPORTED_PLATFORMS = "iphoneos iphonesimulator";
				SUPPORTS_MACCATALYST = NO;
				SUPPORTS_MAC_DESIGNED_FOR_IPHONE_IPAD = NO;
				SUPPORTS_XR_DESIGNED_FOR_IPHONE_IPAD = NO;
				SWIFT_INCLUDE_PATHS = "$(inherited) $(SRCROOT)/ZEWatchCompanion";
				SWIFT_OBJC_BRIDGING_HEADER = "ZEWatchCompanion/ZEWatchCompanion-Bridging-Header.h";
				SWIFT_VERSION = 5.0;
				TARGETED_DEVICE_FAMILY = 1;
				USER_HEADER_SEARCH_PATHS = (
					"$(inherited)",
					"$(SRCROOT)/ZEWatchCompanion",
				);
			};
			name = Debug;
		};
/* End XCBuildConfiguration section */

/* Begin XCConfigurationList section */
		3803AE392F0D10490047BF4A /* Build configuration list for PBXProject "ZEWatch" */ = {
			isa = XCConfigurationList;
			buildConfigurations = (
				3803AE4D2F0D104B0047BF4A /* Debug */,
				3803AE4E2F0D104B0047BF4A /* Release */,
			);
			defaultConfigurationIsVisible = 0;
			defaultConfigurationName = Release;
		};
		3803AE4F2F0D104B0047BF4A /* Build configuration list for PBXNativeTarget "ZEWatch" */ = {
			isa = XCConfigurationList;
			buildConfigurations = (
				3803AE502F0D104B0047BF4A /* Debug */,
				3803AE512F0D104B0047BF4A /* Release */,
			);
			defaultConfigurationIsVisible = 0;
			defaultConfigurationName = Release;
		};
		597932476697695152A4EEE0 /* Build configuration list for PBXNativeTarget "ZEWatchCompanion" */ = {
			isa = XCConfigurationList;
			buildConfigurations = (
				2B099AB49009CD6473029B2E /* Release */,
				8BB872DD6EC8A75AC7E4F918 /* Debug */,
			);
			defaultConfigurationIsVisible = 0;
			defaultConfigurationName = Release;
		};
/* End XCConfigurationList section */

/* Begin XCRemoteSwiftPackageReference section */
		0727260F64031E34792E0010 /* XCRemoteSwiftPackageReference "llama.cpp" */ = {
			isa = XCRemoteSwiftPackageReference;
			repositoryURL = "https://github.com/ggerganov/llama.cpp.git";
			requirement = {
				branch = master;
				kind = branch;
			};
		};
/* End XCRemoteSwiftPackageReference section */

/* Begin XCSwiftPackageProductDependency section */
		0BB66F311FD578122D14006D /* llama */ = {
			isa = XCSwiftPackageProductDependency;
			package = 0727260F64031E34792E0010 /* XCRemoteSwiftPackageReference "llama.cpp" */;
			productName = llama;
		};
/* End XCSwiftPackageProductDependency section */

/* Begin XCVersionGroup section */
		E3916EB76AFA57E9BCD45C3D /* ZEWatch.xcdatamodeld */ = {
			isa = XCVersionGroup;
			children = (
				CF14BAB7B36EDBA425570AB3 /* ZEWatch.xcdatamodel */,
			);
			currentVersion = CF14BAB7B36EDBA425570AB3 /* ZEWatch.xcdatamodel */;
			path = ZEWatch.xcdatamodeld;
			sourceTree = "<group>";
			versionGroupType = wrapper.xcdatamodel;
		};
/* End XCVersionGroup section */
	};
	rootObject = 3803AE362F0D10490047BF4A /* Project object */;
}
